// !$*UTF8*$!
{
	archiveVersion = 1;
	classes = {
	};
	objectVersion = 56;
	objects = {

/* Begin PBXBuildFile section */
		085C185E2B704FE4006453ED /* CodeViewController.swift in Sources */ = {isa = PBXBuildFile; fileRef = 085C185C2B704FE4006453ED /* CodeViewController.swift */; };
		085C185F2B704FE4006453ED /* CodeViewController.swift in Sources */ = {isa = PBXBuildFile; fileRef = 085C185C2B704FE4006453ED /* CodeViewController.swift */; };
		085C18602B704FE4006453ED /* CodeViewController.xib in Resources */ = {isa = PBXBuildFile; fileRef = 085C185D2B704FE4006453ED /* CodeViewController.xib */; };
		085C18612B704FE4006453ED /* CodeViewController.xib in Resources */ = {isa = PBXBuildFile; fileRef = 085C185D2B704FE4006453ED /* CodeViewController.xib */; };
		085C18642B7056D6006453ED /* CustomTextField.swift in Sources */ = {isa = PBXBuildFile; fileRef = 085C18632B7056D6006453ED /* CustomTextField.swift */; };
		085C18652B7056D6006453ED /* CustomTextField.swift in Sources */ = {isa = PBXBuildFile; fileRef = 085C18632B7056D6006453ED /* CustomTextField.swift */; };
		085C186D2B709E7B006453ED /* TextFieldDigitTableViewCell.swift in Sources */ = {isa = PBXBuildFile; fileRef = 085C186B2B709E7B006453ED /* TextFieldDigitTableViewCell.swift */; };
		085C186E2B709E7B006453ED /* TextFieldDigitTableViewCell.xib in Resources */ = {isa = PBXBuildFile; fileRef = 085C186C2B709E7B006453ED /* TextFieldDigitTableViewCell.xib */; };
		085C18712B70A16C006453ED /* DemoTextFieldsTableViewController.swift in Sources */ = {isa = PBXBuildFile; fileRef = 085C186F2B70A16C006453ED /* DemoTextFieldsTableViewController.swift */; };
		085C18722B70A16C006453ED /* DemoTextFieldsTableViewController.xib in Resources */ = {isa = PBXBuildFile; fileRef = 085C18702B70A16C006453ED /* DemoTextFieldsTableViewController.xib */; };
		085C18732B70A1CF006453ED /* DemoTextFieldsTableViewController.swift in Sources */ = {isa = PBXBuildFile; fileRef = 085C186F2B70A16C006453ED /* DemoTextFieldsTableViewController.swift */; };
		085C18742B70A1D2006453ED /* DemoTextFieldsTableViewController.xib in Resources */ = {isa = PBXBuildFile; fileRef = 085C18702B70A16C006453ED /* DemoTextFieldsTableViewController.xib */; };
		75688E0A2B6F0AF9002ABACD /* RegisterPhoneViewController.swift in Sources */ = {isa = PBXBuildFile; fileRef = 75688E082B6F0AF9002ABACD /* RegisterPhoneViewController.swift */; };
		75688E0B2B6F0AF9002ABACD /* RegisterPhoneViewController.swift in Sources */ = {isa = PBXBuildFile; fileRef = 75688E082B6F0AF9002ABACD /* RegisterPhoneViewController.swift */; };
		75688E0C2B6F0AF9002ABACD /* RegisterPhoneViewController.xib in Resources */ = {isa = PBXBuildFile; fileRef = 75688E092B6F0AF9002ABACD /* RegisterPhoneViewController.xib */; };
		75688E0D2B6F0AF9002ABACD /* RegisterPhoneViewController.xib in Resources */ = {isa = PBXBuildFile; fileRef = 75688E092B6F0AF9002ABACD /* RegisterPhoneViewController.xib */; };
		870F306E2B799F1200B98BA5 /* AdditionalInfoSignInViewController.swift in Sources */ = {isa = PBXBuildFile; fileRef = 870F306C2B799F1200B98BA5 /* AdditionalInfoSignInViewController.swift */; };
		870F306F2B799F1200B98BA5 /* AdditionalInfoSignInViewController.swift in Sources */ = {isa = PBXBuildFile; fileRef = 870F306C2B799F1200B98BA5 /* AdditionalInfoSignInViewController.swift */; };
		870F30702B799F1200B98BA5 /* AdditionalInfoSignInViewController.xib in Resources */ = {isa = PBXBuildFile; fileRef = 870F306D2B799F1200B98BA5 /* AdditionalInfoSignInViewController.xib */; };
		870F30712B799F1200B98BA5 /* AdditionalInfoSignInViewController.xib in Resources */ = {isa = PBXBuildFile; fileRef = 870F306D2B799F1200B98BA5 /* AdditionalInfoSignInViewController.xib */; };
		8783A1BC2B54AC330056AB6A /* AppDelegate.swift in Sources */ = {isa = PBXBuildFile; fileRef = 8783A1BB2B54AC330056AB6A /* AppDelegate.swift */; };
		8783A1BE2B54AC330056AB6A /* SceneDelegate.swift in Sources */ = {isa = PBXBuildFile; fileRef = 8783A1BD2B54AC330056AB6A /* SceneDelegate.swift */; };
		8783A1C02B54AC330056AB6A /* ViewController.swift in Sources */ = {isa = PBXBuildFile; fileRef = 8783A1BF2B54AC330056AB6A /* ViewController.swift */; };
		8783A1C32B54AC330056AB6A /* Main.storyboard in Resources */ = {isa = PBXBuildFile; fileRef = 8783A1C12B54AC330056AB6A /* Main.storyboard */; };
		8783A1C62B54AC330056AB6A /* FlorezApp.xcdatamodeld in Sources */ = {isa = PBXBuildFile; fileRef = 8783A1C42B54AC330056AB6A /* FlorezApp.xcdatamodeld */; };
		8783A1C82B54AC340056AB6A /* Assets.xcassets in Resources */ = {isa = PBXBuildFile; fileRef = 8783A1C72B54AC340056AB6A /* Assets.xcassets */; };
		8783A1CB2B54AC340056AB6A /* LaunchScreen.storyboard in Resources */ = {isa = PBXBuildFile; fileRef = 8783A1C92B54AC340056AB6A /* LaunchScreen.storyboard */; };
		87D65D6F2B67292C0056FA28 /* SecondaryButtonTableViewCell.swift in Sources */ = {isa = PBXBuildFile; fileRef = 87D65D6D2B67292C0056FA28 /* SecondaryButtonTableViewCell.swift */; };
		87D65D702B67292C0056FA28 /* SecondaryButtonTableViewCell.swift in Sources */ = {isa = PBXBuildFile; fileRef = 87D65D6D2B67292C0056FA28 /* SecondaryButtonTableViewCell.swift */; };
		87D65D712B67292C0056FA28 /* SecondaryButtonTableViewCell.xib in Resources */ = {isa = PBXBuildFile; fileRef = 87D65D6E2B67292C0056FA28 /* SecondaryButtonTableViewCell.xib */; };
		87D65D722B67292C0056FA28 /* SecondaryButtonTableViewCell.xib in Resources */ = {isa = PBXBuildFile; fileRef = 87D65D6E2B67292C0056FA28 /* SecondaryButtonTableViewCell.xib */; };
		87D65D772B672C560056FA28 /* HomeScreenViewController.swift in Sources */ = {isa = PBXBuildFile; fileRef = 87D65D752B672C560056FA28 /* HomeScreenViewController.swift */; };
		87D65D782B672C560056FA28 /* HomeScreenViewController.swift in Sources */ = {isa = PBXBuildFile; fileRef = 87D65D752B672C560056FA28 /* HomeScreenViewController.swift */; };
		87D65D792B672C560056FA28 /* HomeScreenViewController.xib in Resources */ = {isa = PBXBuildFile; fileRef = 87D65D762B672C560056FA28 /* HomeScreenViewController.xib */; };
		87D65D7A2B672C560056FA28 /* HomeScreenViewController.xib in Resources */ = {isa = PBXBuildFile; fileRef = 87D65D762B672C560056FA28 /* HomeScreenViewController.xib */; };
		87D65D7D2B6733A80056FA28 /* CustomLabel.swift in Sources */ = {isa = PBXBuildFile; fileRef = 87D65D7C2B6733A80056FA28 /* CustomLabel.swift */; };
		87D65D7E2B6733A80056FA28 /* CustomLabel.swift in Sources */ = {isa = PBXBuildFile; fileRef = 87D65D7C2B6733A80056FA28 /* CustomLabel.swift */; };
		87D65D822B67357E0056FA28 /* LabelsDemoTableViewController.swift in Sources */ = {isa = PBXBuildFile; fileRef = 87D65D802B67357E0056FA28 /* LabelsDemoTableViewController.swift */; };
		87D65D832B67357E0056FA28 /* LabelsDemoTableViewController.swift in Sources */ = {isa = PBXBuildFile; fileRef = 87D65D802B67357E0056FA28 /* LabelsDemoTableViewController.swift */; };
		87D65D842B67357E0056FA28 /* LabelsDemoTableViewController.xib in Resources */ = {isa = PBXBuildFile; fileRef = 87D65D812B67357E0056FA28 /* LabelsDemoTableViewController.xib */; };
		87D65D852B67357E0056FA28 /* LabelsDemoTableViewController.xib in Resources */ = {isa = PBXBuildFile; fileRef = 87D65D812B67357E0056FA28 /* LabelsDemoTableViewController.xib */; };
		87D65D882B6735BD0056FA28 /* TitleLabelTableViewCell.swift in Sources */ = {isa = PBXBuildFile; fileRef = 87D65D862B6735BD0056FA28 /* TitleLabelTableViewCell.swift */; };
		87D65D892B6735BD0056FA28 /* TitleLabelTableViewCell.swift in Sources */ = {isa = PBXBuildFile; fileRef = 87D65D862B6735BD0056FA28 /* TitleLabelTableViewCell.swift */; };
		87D65D8A2B6735BD0056FA28 /* TitleLabelTableViewCell.xib in Resources */ = {isa = PBXBuildFile; fileRef = 87D65D872B6735BD0056FA28 /* TitleLabelTableViewCell.xib */; };
		87D65D8B2B6735BD0056FA28 /* TitleLabelTableViewCell.xib in Resources */ = {isa = PBXBuildFile; fileRef = 87D65D872B6735BD0056FA28 /* TitleLabelTableViewCell.xib */; };
		87D65D8E2B6736050056FA28 /* BodyLabelTableViewCell.swift in Sources */ = {isa = PBXBuildFile; fileRef = 87D65D8C2B6736050056FA28 /* BodyLabelTableViewCell.swift */; };
		87D65D8F2B6736050056FA28 /* BodyLabelTableViewCell.swift in Sources */ = {isa = PBXBuildFile; fileRef = 87D65D8C2B6736050056FA28 /* BodyLabelTableViewCell.swift */; };
		87D65D902B6736050056FA28 /* BodyLabelTableViewCell.xib in Resources */ = {isa = PBXBuildFile; fileRef = 87D65D8D2B6736050056FA28 /* BodyLabelTableViewCell.xib */; };
		87D65D912B6736050056FA28 /* BodyLabelTableViewCell.xib in Resources */ = {isa = PBXBuildFile; fileRef = 87D65D8D2B6736050056FA28 /* BodyLabelTableViewCell.xib */; };
		87D65D942B67364F0056FA28 /* BoldDescriptionLabelTableViewCell.swift in Sources */ = {isa = PBXBuildFile; fileRef = 87D65D922B67364F0056FA28 /* BoldDescriptionLabelTableViewCell.swift */; };
		87D65D952B67364F0056FA28 /* BoldDescriptionLabelTableViewCell.swift in Sources */ = {isa = PBXBuildFile; fileRef = 87D65D922B67364F0056FA28 /* BoldDescriptionLabelTableViewCell.swift */; };
		87D65D962B67364F0056FA28 /* BoldDescriptionLabelTableViewCell.xib in Resources */ = {isa = PBXBuildFile; fileRef = 87D65D932B67364F0056FA28 /* BoldDescriptionLabelTableViewCell.xib */; };
		87D65D972B67364F0056FA28 /* BoldDescriptionLabelTableViewCell.xib in Resources */ = {isa = PBXBuildFile; fileRef = 87D65D932B67364F0056FA28 /* BoldDescriptionLabelTableViewCell.xib */; };
		87E384B92B5DED480096E037 /* ViewController.swift in Sources */ = {isa = PBXBuildFile; fileRef = 8783A1BF2B54AC330056AB6A /* ViewController.swift */; };
		87E384BA2B5DED480096E037 /* FlorezApp.xcdatamodeld in Sources */ = {isa = PBXBuildFile; fileRef = 8783A1C42B54AC330056AB6A /* FlorezApp.xcdatamodeld */; };
		87E384BB2B5DED480096E037 /* AppDelegate.swift in Sources */ = {isa = PBXBuildFile; fileRef = 8783A1BB2B54AC330056AB6A /* AppDelegate.swift */; };
		87E384BC2B5DED480096E037 /* SceneDelegate.swift in Sources */ = {isa = PBXBuildFile; fileRef = 8783A1BD2B54AC330056AB6A /* SceneDelegate.swift */; };
		87E384BF2B5DED480096E037 /* LaunchScreen.storyboard in Resources */ = {isa = PBXBuildFile; fileRef = 8783A1C92B54AC340056AB6A /* LaunchScreen.storyboard */; };
		87E384C02B5DED480096E037 /* Assets.xcassets in Resources */ = {isa = PBXBuildFile; fileRef = 8783A1C72B54AC340056AB6A /* Assets.xcassets */; };
		87E384C12B5DED480096E037 /* Main.storyboard in Resources */ = {isa = PBXBuildFile; fileRef = 8783A1C12B54AC330056AB6A /* Main.storyboard */; };
		87E384CC2B5DEE410096E037 /* DemoUITableViewController.swift in Sources */ = {isa = PBXBuildFile; fileRef = 87E384CA2B5DEE410096E037 /* DemoUITableViewController.swift */; };
		87E384CD2B5DEE410096E037 /* DemoUITableViewController.xib in Resources */ = {isa = PBXBuildFile; fileRef = 87E384CB2B5DEE410096E037 /* DemoUITableViewController.xib */; };
		87E384CE2B5DF0530096E037 /* DemoUITableViewController.xib in Resources */ = {isa = PBXBuildFile; fileRef = 87E384CB2B5DEE410096E037 /* DemoUITableViewController.xib */; };
		87E384CF2B5DF0530096E037 /* DemoUITableViewController.swift in Sources */ = {isa = PBXBuildFile; fileRef = 87E384CA2B5DEE410096E037 /* DemoUITableViewController.swift */; };
		87E384D32B5DF8960096E037 /* Colors.xcassets in Resources */ = {isa = PBXBuildFile; fileRef = 87E384D22B5DF8960096E037 /* Colors.xcassets */; };
		87E384D72B5DFA9F0096E037 /* CustomButton.swift in Sources */ = {isa = PBXBuildFile; fileRef = 87E384D62B5DFA9F0096E037 /* CustomButton.swift */; };
		87E384E42B5DFD160096E037 /* DemoButtonsTableViewController.xib in Resources */ = {isa = PBXBuildFile; fileRef = 87E384E22B5DFD160096E037 /* DemoButtonsTableViewController.xib */; };
		87E384E72B5DFD310096E037 /* ButtonTableViewCell.swift in Sources */ = {isa = PBXBuildFile; fileRef = 87E384E52B5DFD310096E037 /* ButtonTableViewCell.swift */; };
		87E384E82B5DFD310096E037 /* ButtonTableViewCell.xib in Resources */ = {isa = PBXBuildFile; fileRef = 87E384E62B5DFD310096E037 /* ButtonTableViewCell.xib */; };
		87E384E92B5DFDE40096E037 /* DemoButtonsTableViewController.swift in Sources */ = {isa = PBXBuildFile; fileRef = 87E384E12B5DFD160096E037 /* DemoButtonsTableViewController.swift */; };
		87E384EA2B5DFDEB0096E037 /* DemoButtonsTableViewController.swift in Sources */ = {isa = PBXBuildFile; fileRef = 87E384E12B5DFD160096E037 /* DemoButtonsTableViewController.swift */; };
		87E384EB2B5DFDED0096E037 /* ButtonTableViewCell.swift in Sources */ = {isa = PBXBuildFile; fileRef = 87E384E52B5DFD310096E037 /* ButtonTableViewCell.swift */; };
		87E384EE2B5DFE080096E037 /* ButtonTableViewCell.xib in Resources */ = {isa = PBXBuildFile; fileRef = 87E384E62B5DFD310096E037 /* ButtonTableViewCell.xib */; };
		87E384EF2B5DFE080096E037 /* DemoButtonsTableViewController.xib in Resources */ = {isa = PBXBuildFile; fileRef = 87E384E22B5DFD160096E037 /* DemoButtonsTableViewController.xib */; };
		87E384F12B5DFE140096E037 /* CustomButton.swift in Sources */ = {isa = PBXBuildFile; fileRef = 87E384D62B5DFA9F0096E037 /* CustomButton.swift */; };
		87E384F22B5DFE1B0096E037 /* Colors.xcassets in Resources */ = {isa = PBXBuildFile; fileRef = 87E384D22B5DF8960096E037 /* Colors.xcassets */; };
		EE3B417D2BA7B827000881C2 /* PaymentViewController.swift in Sources */ = {isa = PBXBuildFile; fileRef = EE3B417B2BA7B827000881C2 /* PaymentViewController.swift */; };
		EE3B417E2BA7B827000881C2 /* PaymentViewController.swift in Sources */ = {isa = PBXBuildFile; fileRef = EE3B417B2BA7B827000881C2 /* PaymentViewController.swift */; };
		EE3B417F2BA7B827000881C2 /* PaymentViewController.xib in Resources */ = {isa = PBXBuildFile; fileRef = EE3B417C2BA7B827000881C2 /* PaymentViewController.xib */; };
		EE3B41802BA7B827000881C2 /* PaymentViewController.xib in Resources */ = {isa = PBXBuildFile; fileRef = EE3B417C2BA7B827000881C2 /* PaymentViewController.xib */; };
		EE941F302B81B92900405F03 /* NamedSignedInput.swift in Sources */ = {isa = PBXBuildFile; fileRef = EE941F2F2B81B92900405F03 /* NamedSignedInput.swift */; };
		EE941F322B81C86F00405F03 /* PasswordInput.swift in Sources */ = {isa = PBXBuildFile; fileRef = EE941F312B81C86F00405F03 /* PasswordInput.swift */; };
		EE941F342B81C89700405F03 /* EmailInput.swift in Sources */ = {isa = PBXBuildFile; fileRef = EE941F332B81C89700405F03 /* EmailInput.swift */; };
		EE941F352B81C89700405F03 /* EmailInput.swift in Sources */ = {isa = PBXBuildFile; fileRef = EE941F332B81C89700405F03 /* EmailInput.swift */; };
		EEED8F222B798E1800490AB7 /* AditionalInformation.storyboard in Resources */ = {isa = PBXBuildFile; fileRef = EEED8F212B798E1800490AB7 /* AditionalInformation.storyboard */; };
		EEED8F232B798E1800490AB7 /* AditionalInformation.storyboard in Resources */ = {isa = PBXBuildFile; fileRef = EEED8F212B798E1800490AB7 /* AditionalInformation.storyboard */; };
		EEED8F252B798E3C00490AB7 /* AditionalInformationViewController.swift in Sources */ = {isa = PBXBuildFile; fileRef = EEED8F242B798E3C00490AB7 /* AditionalInformationViewController.swift */; };
		EEED8F262B798E3C00490AB7 /* AditionalInformationViewController.swift in Sources */ = {isa = PBXBuildFile; fileRef = EEED8F242B798E3C00490AB7 /* AditionalInformationViewController.swift */; };
/* End PBXBuildFile section */

/* Begin PBXFileReference section */
		085C185C2B704FE4006453ED /* CodeViewController.swift */ = {isa = PBXFileReference; lastKnownFileType = sourcecode.swift; path = CodeViewController.swift; sourceTree = "<group>"; };
		085C185D2B704FE4006453ED /* CodeViewController.xib */ = {isa = PBXFileReference; lastKnownFileType = file.xib; path = CodeViewController.xib; sourceTree = "<group>"; };
		085C18632B7056D6006453ED /* CustomTextField.swift */ = {isa = PBXFileReference; lastKnownFileType = sourcecode.swift; path = CustomTextField.swift; sourceTree = "<group>"; };
		085C186B2B709E7B006453ED /* TextFieldDigitTableViewCell.swift */ = {isa = PBXFileReference; lastKnownFileType = sourcecode.swift; path = TextFieldDigitTableViewCell.swift; sourceTree = "<group>"; };
		085C186C2B709E7B006453ED /* TextFieldDigitTableViewCell.xib */ = {isa = PBXFileReference; lastKnownFileType = file.xib; path = TextFieldDigitTableViewCell.xib; sourceTree = "<group>"; };
		085C186F2B70A16C006453ED /* DemoTextFieldsTableViewController.swift */ = {isa = PBXFileReference; lastKnownFileType = sourcecode.swift; path = DemoTextFieldsTableViewController.swift; sourceTree = "<group>"; };
		085C18702B70A16C006453ED /* DemoTextFieldsTableViewController.xib */ = {isa = PBXFileReference; lastKnownFileType = file.xib; path = DemoTextFieldsTableViewController.xib; sourceTree = "<group>"; };
		75688E082B6F0AF9002ABACD /* RegisterPhoneViewController.swift */ = {isa = PBXFileReference; lastKnownFileType = sourcecode.swift; path = RegisterPhoneViewController.swift; sourceTree = "<group>"; };
		75688E092B6F0AF9002ABACD /* RegisterPhoneViewController.xib */ = {isa = PBXFileReference; lastKnownFileType = file.xib; path = RegisterPhoneViewController.xib; sourceTree = "<group>"; };
		870F306C2B799F1200B98BA5 /* AdditionalInfoSignInViewController.swift */ = {isa = PBXFileReference; lastKnownFileType = sourcecode.swift; path = AdditionalInfoSignInViewController.swift; sourceTree = "<group>"; };
		870F306D2B799F1200B98BA5 /* AdditionalInfoSignInViewController.xib */ = {isa = PBXFileReference; lastKnownFileType = file.xib; path = AdditionalInfoSignInViewController.xib; sourceTree = "<group>"; };
		8783A1B82B54AC330056AB6A /* FlorezApp.app */ = {isa = PBXFileReference; explicitFileType = wrapper.application; includeInIndex = 0; path = FlorezApp.app; sourceTree = BUILT_PRODUCTS_DIR; };
		8783A1BB2B54AC330056AB6A /* AppDelegate.swift */ = {isa = PBXFileReference; lastKnownFileType = sourcecode.swift; path = AppDelegate.swift; sourceTree = "<group>"; };
		8783A1BD2B54AC330056AB6A /* SceneDelegate.swift */ = {isa = PBXFileReference; lastKnownFileType = sourcecode.swift; path = SceneDelegate.swift; sourceTree = "<group>"; };
		8783A1BF2B54AC330056AB6A /* ViewController.swift */ = {isa = PBXFileReference; lastKnownFileType = sourcecode.swift; path = ViewController.swift; sourceTree = "<group>"; };
		8783A1C22B54AC330056AB6A /* Base */ = {isa = PBXFileReference; lastKnownFileType = file.storyboard; name = Base; path = Base.lproj/Main.storyboard; sourceTree = "<group>"; };
		8783A1C52B54AC330056AB6A /* FlorezApp.xcdatamodel */ = {isa = PBXFileReference; lastKnownFileType = wrapper.xcdatamodel; path = FlorezApp.xcdatamodel; sourceTree = "<group>"; };
		8783A1C72B54AC340056AB6A /* Assets.xcassets */ = {isa = PBXFileReference; lastKnownFileType = folder.assetcatalog; path = Assets.xcassets; sourceTree = "<group>"; };
		8783A1CA2B54AC340056AB6A /* Base */ = {isa = PBXFileReference; lastKnownFileType = file.storyboard; name = Base; path = Base.lproj/LaunchScreen.storyboard; sourceTree = "<group>"; };
		8783A1CC2B54AC340056AB6A /* Info.plist */ = {isa = PBXFileReference; lastKnownFileType = text.plist.xml; path = Info.plist; sourceTree = "<group>"; };
		87D65D6D2B67292C0056FA28 /* SecondaryButtonTableViewCell.swift */ = {isa = PBXFileReference; lastKnownFileType = sourcecode.swift; path = SecondaryButtonTableViewCell.swift; sourceTree = "<group>"; };
		87D65D6E2B67292C0056FA28 /* SecondaryButtonTableViewCell.xib */ = {isa = PBXFileReference; lastKnownFileType = file.xib; path = SecondaryButtonTableViewCell.xib; sourceTree = "<group>"; };
		87D65D752B672C560056FA28 /* HomeScreenViewController.swift */ = {isa = PBXFileReference; lastKnownFileType = sourcecode.swift; path = HomeScreenViewController.swift; sourceTree = "<group>"; };
		87D65D762B672C560056FA28 /* HomeScreenViewController.xib */ = {isa = PBXFileReference; lastKnownFileType = file.xib; path = HomeScreenViewController.xib; sourceTree = "<group>"; };
		87D65D7C2B6733A80056FA28 /* CustomLabel.swift */ = {isa = PBXFileReference; lastKnownFileType = sourcecode.swift; path = CustomLabel.swift; sourceTree = "<group>"; };
		87D65D802B67357E0056FA28 /* LabelsDemoTableViewController.swift */ = {isa = PBXFileReference; lastKnownFileType = sourcecode.swift; path = LabelsDemoTableViewController.swift; sourceTree = "<group>"; };
		87D65D812B67357E0056FA28 /* LabelsDemoTableViewController.xib */ = {isa = PBXFileReference; lastKnownFileType = file.xib; path = LabelsDemoTableViewController.xib; sourceTree = "<group>"; };
		87D65D862B6735BD0056FA28 /* TitleLabelTableViewCell.swift */ = {isa = PBXFileReference; lastKnownFileType = sourcecode.swift; path = TitleLabelTableViewCell.swift; sourceTree = "<group>"; };
		87D65D872B6735BD0056FA28 /* TitleLabelTableViewCell.xib */ = {isa = PBXFileReference; lastKnownFileType = file.xib; path = TitleLabelTableViewCell.xib; sourceTree = "<group>"; };
		87D65D8C2B6736050056FA28 /* BodyLabelTableViewCell.swift */ = {isa = PBXFileReference; lastKnownFileType = sourcecode.swift; path = BodyLabelTableViewCell.swift; sourceTree = "<group>"; };
		87D65D8D2B6736050056FA28 /* BodyLabelTableViewCell.xib */ = {isa = PBXFileReference; lastKnownFileType = file.xib; path = BodyLabelTableViewCell.xib; sourceTree = "<group>"; };
		87D65D922B67364F0056FA28 /* BoldDescriptionLabelTableViewCell.swift */ = {isa = PBXFileReference; lastKnownFileType = sourcecode.swift; path = BoldDescriptionLabelTableViewCell.swift; sourceTree = "<group>"; };
		87D65D932B67364F0056FA28 /* BoldDescriptionLabelTableViewCell.xib */ = {isa = PBXFileReference; lastKnownFileType = file.xib; path = BoldDescriptionLabelTableViewCell.xib; sourceTree = "<group>"; };
		87E384C52B5DED480096E037 /* Demo UI.app */ = {isa = PBXFileReference; explicitFileType = wrapper.application; includeInIndex = 0; path = "Demo UI.app"; sourceTree = BUILT_PRODUCTS_DIR; };
		87E384CA2B5DEE410096E037 /* DemoUITableViewController.swift */ = {isa = PBXFileReference; lastKnownFileType = sourcecode.swift; path = DemoUITableViewController.swift; sourceTree = "<group>"; };
		87E384CB2B5DEE410096E037 /* DemoUITableViewController.xib */ = {isa = PBXFileReference; lastKnownFileType = file.xib; path = DemoUITableViewController.xib; sourceTree = "<group>"; };
		87E384D22B5DF8960096E037 /* Colors.xcassets */ = {isa = PBXFileReference; lastKnownFileType = folder.assetcatalog; path = Colors.xcassets; sourceTree = "<group>"; };
		87E384D62B5DFA9F0096E037 /* CustomButton.swift */ = {isa = PBXFileReference; lastKnownFileType = sourcecode.swift; path = CustomButton.swift; sourceTree = "<group>"; };
		87E384E12B5DFD160096E037 /* DemoButtonsTableViewController.swift */ = {isa = PBXFileReference; lastKnownFileType = sourcecode.swift; path = DemoButtonsTableViewController.swift; sourceTree = "<group>"; };
		87E384E22B5DFD160096E037 /* DemoButtonsTableViewController.xib */ = {isa = PBXFileReference; lastKnownFileType = file.xib; path = DemoButtonsTableViewController.xib; sourceTree = "<group>"; };
		87E384E52B5DFD310096E037 /* ButtonTableViewCell.swift */ = {isa = PBXFileReference; lastKnownFileType = sourcecode.swift; path = ButtonTableViewCell.swift; sourceTree = "<group>"; };
		87E384E62B5DFD310096E037 /* ButtonTableViewCell.xib */ = {isa = PBXFileReference; lastKnownFileType = file.xib; path = ButtonTableViewCell.xib; sourceTree = "<group>"; };
		EE3B417B2BA7B827000881C2 /* PaymentViewController.swift */ = {isa = PBXFileReference; lastKnownFileType = sourcecode.swift; name = PaymentViewController.swift; path = PaymentSelection/PaymentViewController.swift; sourceTree = "<group>"; };
		EE3B417C2BA7B827000881C2 /* PaymentViewController.xib */ = {isa = PBXFileReference; lastKnownFileType = file.xib; name = PaymentViewController.xib; path = PaymentSelection/PaymentViewController.xib; sourceTree = "<group>"; };
		EE941F2F2B81B92900405F03 /* NamedSignedInput.swift */ = {isa = PBXFileReference; lastKnownFileType = sourcecode.swift; path = NamedSignedInput.swift; sourceTree = "<group>"; };
		EE941F312B81C86F00405F03 /* PasswordInput.swift */ = {isa = PBXFileReference; lastKnownFileType = sourcecode.swift; path = PasswordInput.swift; sourceTree = "<group>"; };
		EE941F332B81C89700405F03 /* EmailInput.swift */ = {isa = PBXFileReference; lastKnownFileType = sourcecode.swift; path = EmailInput.swift; sourceTree = "<group>"; };
		EEED8F212B798E1800490AB7 /* AditionalInformation.storyboard */ = {isa = PBXFileReference; lastKnownFileType = file.storyboard; path = AditionalInformation.storyboard; sourceTree = "<group>"; };
		EEED8F242B798E3C00490AB7 /* AditionalInformationViewController.swift */ = {isa = PBXFileReference; lastKnownFileType = sourcecode.swift; path = AditionalInformationViewController.swift; sourceTree = "<group>"; };
/* End PBXFileReference section */

/* Begin PBXFrameworksBuildPhase section */
		8783A1B52B54AC330056AB6A /* Frameworks */ = {
			isa = PBXFrameworksBuildPhase;
			buildActionMask = 2147483647;
			files = (
			);
			runOnlyForDeploymentPostprocessing = 0;
		};
		87E384BD2B5DED480096E037 /* Frameworks */ = {
			isa = PBXFrameworksBuildPhase;
			buildActionMask = 2147483647;
			files = (
			);
			runOnlyForDeploymentPostprocessing = 0;
		};
/* End PBXFrameworksBuildPhase section */

/* Begin PBXGroup section */
		085C185B2B704E4B006453ED /* CodeSMSFeature */ = {
			isa = PBXGroup;
			children = (
				085C185C2B704FE4006453ED /* CodeViewController.swift */,
				085C185D2B704FE4006453ED /* CodeViewController.xib */,
			);
			path = CodeSMSFeature;
			sourceTree = "<group>";
		};
		085C18622B7055EA006453ED /* TextFieldStyles */ = {
			isa = PBXGroup;
			children = (
				085C18632B7056D6006453ED /* CustomTextField.swift */,
			);
			path = TextFieldStyles;
			sourceTree = "<group>";
		};
		085C18662B709C28006453ED /* TextFieldDemo */ = {
			isa = PBXGroup;
			children = (
				085C186F2B70A16C006453ED /* DemoTextFieldsTableViewController.swift */,
				085C18702B70A16C006453ED /* DemoTextFieldsTableViewController.xib */,
				085C186B2B709E7B006453ED /* TextFieldDigitTableViewCell.swift */,
				085C186C2B709E7B006453ED /* TextFieldDigitTableViewCell.xib */,
			);
			path = TextFieldDemo;
			sourceTree = "<group>";
		};
		75688E072B6F0AC3002ABACD /* Register */ = {
			isa = PBXGroup;
			children = (
				75688E082B6F0AF9002ABACD /* RegisterPhoneViewController.swift */,
				75688E092B6F0AF9002ABACD /* RegisterPhoneViewController.xib */,
			);
			path = Register;
			sourceTree = "<group>";
		};
		8783A1AF2B54AC330056AB6A = {
			isa = PBXGroup;
			children = (
				8783A1BA2B54AC330056AB6A /* FlorezApp */,
				8783A1B92B54AC330056AB6A /* Products */,
			);
			sourceTree = "<group>";
		};
		8783A1B92B54AC330056AB6A /* Products */ = {
			isa = PBXGroup;
			children = (
				8783A1B82B54AC330056AB6A /* FlorezApp.app */,
				87E384C52B5DED480096E037 /* Demo UI.app */,
			);
			name = Products;
			sourceTree = "<group>";
		};
		8783A1BA2B54AC330056AB6A /* FlorezApp */ = {
			isa = PBXGroup;
			children = (
				87E384C92B5DEE230096E037 /* UIComponents */,
				87E384C82B5DEE100096E037 /* Sources */,
				87E384C72B5DEE0B0096E037 /* AppUIDemo */,
			);
			path = FlorezApp;
			sourceTree = "<group>";
		};
		87D65D732B672C330056FA28 /* LogInFeature */ = {
			isa = PBXGroup;
			children = (
				EEED8F202B798DF300490AB7 /* AditionalInformation */,
				75688E072B6F0AC3002ABACD /* Register */,
				085C185B2B704E4B006453ED /* CodeSMSFeature */,
				87D65D742B672C420056FA28 /* Home */,
				EE3B417B2BA7B827000881C2 /* PaymentViewController.swift */,
				EE3B417C2BA7B827000881C2 /* PaymentViewController.xib */,
			);
			path = LogInFeature;
			sourceTree = "<group>";
		};
		87D65D742B672C420056FA28 /* Home */ = {
			isa = PBXGroup;
			children = (
				87D65D752B672C560056FA28 /* HomeScreenViewController.swift */,
				87D65D762B672C560056FA28 /* HomeScreenViewController.xib */,
			);
			path = Home;
			sourceTree = "<group>";
		};
		87D65D7B2B6733850056FA28 /* LabelStyles */ = {
			isa = PBXGroup;
			children = (
				87D65D7C2B6733A80056FA28 /* CustomLabel.swift */,
			);
			path = LabelStyles;
			sourceTree = "<group>";
		};
		87D65D7F2B6735700056FA28 /* LabelsDemo */ = {
			isa = PBXGroup;
			children = (
				87D65D802B67357E0056FA28 /* LabelsDemoTableViewController.swift */,
				87D65D812B67357E0056FA28 /* LabelsDemoTableViewController.xib */,
				87D65D862B6735BD0056FA28 /* TitleLabelTableViewCell.swift */,
				87D65D872B6735BD0056FA28 /* TitleLabelTableViewCell.xib */,
				87D65D8C2B6736050056FA28 /* BodyLabelTableViewCell.swift */,
				87D65D8D2B6736050056FA28 /* BodyLabelTableViewCell.xib */,
				87D65D922B67364F0056FA28 /* BoldDescriptionLabelTableViewCell.swift */,
				87D65D932B67364F0056FA28 /* BoldDescriptionLabelTableViewCell.xib */,
			);
			path = LabelsDemo;
			sourceTree = "<group>";
		};
		87E384C72B5DEE0B0096E037 /* AppUIDemo */ = {
			isa = PBXGroup;
			children = (
				085C18662B709C28006453ED /* TextFieldDemo */,
				87D65D7F2B6735700056FA28 /* LabelsDemo */,
				87E384E02B5DFD060096E037 /* ButtonsDemo */,
				87E384CA2B5DEE410096E037 /* DemoUITableViewController.swift */,
				87E384CB2B5DEE410096E037 /* DemoUITableViewController.xib */,
			);
			path = AppUIDemo;
			sourceTree = "<group>";
		};
		87E384C82B5DEE100096E037 /* Sources */ = {
			isa = PBXGroup;
			children = (
				87D65D732B672C330056FA28 /* LogInFeature */,
				8783A1BB2B54AC330056AB6A /* AppDelegate.swift */,
				8783A1BD2B54AC330056AB6A /* SceneDelegate.swift */,
				8783A1BF2B54AC330056AB6A /* ViewController.swift */,
				8783A1C12B54AC330056AB6A /* Main.storyboard */,
				8783A1C72B54AC340056AB6A /* Assets.xcassets */,
				8783A1C92B54AC340056AB6A /* LaunchScreen.storyboard */,
				8783A1CC2B54AC340056AB6A /* Info.plist */,
				8783A1C42B54AC330056AB6A /* FlorezApp.xcdatamodeld */,
				87E384D22B5DF8960096E037 /* Colors.xcassets */,
			);
			path = Sources;
			sourceTree = "<group>";
		};
		87E384C92B5DEE230096E037 /* UIComponents */ = {
			isa = PBXGroup;
			children = (
				87E384D42B5DFA600096E037 /* Styles */,
			);
			path = UIComponents;
			sourceTree = "<group>";
		};
		87E384D42B5DFA600096E037 /* Styles */ = {
			isa = PBXGroup;
			children = (
				EE941F2E2B81B90300405F03 /* InputtextStyles */,
				085C18622B7055EA006453ED /* TextFieldStyles */,
				87D65D7B2B6733850056FA28 /* LabelStyles */,
				87E384D82B5DFBED0096E037 /* ButtonStyles */,
			);
			path = Styles;
			sourceTree = "<group>";
		};
		87E384D82B5DFBED0096E037 /* ButtonStyles */ = {
			isa = PBXGroup;
			children = (
				87E384D62B5DFA9F0096E037 /* CustomButton.swift */,
			);
			path = ButtonStyles;
			sourceTree = "<group>";
		};
		87E384E02B5DFD060096E037 /* ButtonsDemo */ = {
			isa = PBXGroup;
			children = (
				87E384E12B5DFD160096E037 /* DemoButtonsTableViewController.swift */,
				87E384E22B5DFD160096E037 /* DemoButtonsTableViewController.xib */,
				87E384E52B5DFD310096E037 /* ButtonTableViewCell.swift */,
				87E384E62B5DFD310096E037 /* ButtonTableViewCell.xib */,
				87D65D6D2B67292C0056FA28 /* SecondaryButtonTableViewCell.swift */,
				87D65D6E2B67292C0056FA28 /* SecondaryButtonTableViewCell.xib */,
			);
			path = ButtonsDemo;
			sourceTree = "<group>";
		};
		EE941F2E2B81B90300405F03 /* InputtextStyles */ = {
			isa = PBXGroup;
			children = (
				EE941F2F2B81B92900405F03 /* NamedSignedInput.swift */,
				EE941F312B81C86F00405F03 /* PasswordInput.swift */,
				EE941F332B81C89700405F03 /* EmailInput.swift */,
			);
			path = InputtextStyles;
			sourceTree = "<group>";
		};
		EEED8F202B798DF300490AB7 /* AditionalInformation */ = {
			isa = PBXGroup;
			children = (
				EEED8F212B798E1800490AB7 /* AditionalInformation.storyboard */,
				EEED8F242B798E3C00490AB7 /* AditionalInformationViewController.swift */,
				870F306C2B799F1200B98BA5 /* AdditionalInfoSignInViewController.swift */,
				870F306D2B799F1200B98BA5 /* AdditionalInfoSignInViewController.xib */,
			);
			path = AditionalInformation;
			sourceTree = "<group>";
		};
/* End PBXGroup section */

/* Begin PBXNativeTarget section */
		8783A1B72B54AC330056AB6A /* FlorezApp */ = {
			isa = PBXNativeTarget;
			buildConfigurationList = 8783A1CF2B54AC340056AB6A /* Build configuration list for PBXNativeTarget "FlorezApp" */;
			buildPhases = (
				8783A1B42B54AC330056AB6A /* Sources */,
				8783A1B52B54AC330056AB6A /* Frameworks */,
				8783A1B62B54AC330056AB6A /* Resources */,
			);
			buildRules = (
			);
			dependencies = (
			);
			name = FlorezApp;
			productName = FlorezApp;
			productReference = 8783A1B82B54AC330056AB6A /* FlorezApp.app */;
			productType = "com.apple.product-type.application";
		};
		87E384B72B5DED480096E037 /* Demo UI */ = {
			isa = PBXNativeTarget;
			buildConfigurationList = 87E384C22B5DED480096E037 /* Build configuration list for PBXNativeTarget "Demo UI" */;
			buildPhases = (
				87E384B82B5DED480096E037 /* Sources */,
				87E384BD2B5DED480096E037 /* Frameworks */,
				87E384BE2B5DED480096E037 /* Resources */,
			);
			buildRules = (
			);
			dependencies = (
			);
			name = "Demo UI";
			productName = FlorezApp;
			productReference = 87E384C52B5DED480096E037 /* Demo UI.app */;
			productType = "com.apple.product-type.application";
		};
/* End PBXNativeTarget section */

/* Begin PBXProject section */
		8783A1B02B54AC330056AB6A /* Project object */ = {
			isa = PBXProject;
			attributes = {
				BuildIndependentTargetsInParallel = 1;
				LastSwiftUpdateCheck = 1520;
				LastUpgradeCheck = 1520;
				TargetAttributes = {
					8783A1B72B54AC330056AB6A = {
						CreatedOnToolsVersion = 15.2;
					};
				};
			};
			buildConfigurationList = 8783A1B32B54AC330056AB6A /* Build configuration list for PBXProject "FlorezApp" */;
			compatibilityVersion = "Xcode 14.0";
			developmentRegion = en;
			hasScannedForEncodings = 0;
			knownRegions = (
				en,
				Base,
			);
			mainGroup = 8783A1AF2B54AC330056AB6A;
			productRefGroup = 8783A1B92B54AC330056AB6A /* Products */;
			projectDirPath = "";
			projectRoot = "";
			targets = (
				8783A1B72B54AC330056AB6A /* FlorezApp */,
				87E384B72B5DED480096E037 /* Demo UI */,
			);
		};
/* End PBXProject section */

/* Begin PBXResourcesBuildPhase section */
		8783A1B62B54AC330056AB6A /* Resources */ = {
			isa = PBXResourcesBuildPhase;
			buildActionMask = 2147483647;
			files = (
				87D65D902B6736050056FA28 /* BodyLabelTableViewCell.xib in Resources */,
				87D65D712B67292C0056FA28 /* SecondaryButtonTableViewCell.xib in Resources */,
				87D65D842B67357E0056FA28 /* LabelsDemoTableViewController.xib in Resources */,
				EE3B417F2BA7B827000881C2 /* PaymentViewController.xib in Resources */,
				870F30702B799F1200B98BA5 /* AdditionalInfoSignInViewController.xib in Resources */,
				87D65D8A2B6735BD0056FA28 /* TitleLabelTableViewCell.xib in Resources */,
				085C18722B70A16C006453ED /* DemoTextFieldsTableViewController.xib in Resources */,
				87E384E42B5DFD160096E037 /* DemoButtonsTableViewController.xib in Resources */,
				87E384D32B5DF8960096E037 /* Colors.xcassets in Resources */,
				87E384CD2B5DEE410096E037 /* DemoUITableViewController.xib in Resources */,
				085C18602B704FE4006453ED /* CodeViewController.xib in Resources */,
				8783A1CB2B54AC340056AB6A /* LaunchScreen.storyboard in Resources */,
				8783A1C82B54AC340056AB6A /* Assets.xcassets in Resources */,
				75688E0C2B6F0AF9002ABACD /* RegisterPhoneViewController.xib in Resources */,
				8783A1C32B54AC330056AB6A /* Main.storyboard in Resources */,
				87D65D792B672C560056FA28 /* HomeScreenViewController.xib in Resources */,
				87E384E82B5DFD310096E037 /* ButtonTableViewCell.xib in Resources */,
				87D65D962B67364F0056FA28 /* BoldDescriptionLabelTableViewCell.xib in Resources */,
				EEED8F222B798E1800490AB7 /* AditionalInformation.storyboard in Resources */,
			);
			runOnlyForDeploymentPostprocessing = 0;
		};
		87E384BE2B5DED480096E037 /* Resources */ = {
			isa = PBXResourcesBuildPhase;
			buildActionMask = 2147483647;
			files = (
				87D65D912B6736050056FA28 /* BodyLabelTableViewCell.xib in Resources */,
				87D65D722B67292C0056FA28 /* SecondaryButtonTableViewCell.xib in Resources */,
				87D65D852B67357E0056FA28 /* LabelsDemoTableViewController.xib in Resources */,
				EE3B41802BA7B827000881C2 /* PaymentViewController.xib in Resources */,
				870F30712B799F1200B98BA5 /* AdditionalInfoSignInViewController.xib in Resources */,
				87D65D8B2B6735BD0056FA28 /* TitleLabelTableViewCell.xib in Resources */,
				87E384EF2B5DFE080096E037 /* DemoButtonsTableViewController.xib in Resources */,
				87E384CE2B5DF0530096E037 /* DemoUITableViewController.xib in Resources */,
				87E384EE2B5DFE080096E037 /* ButtonTableViewCell.xib in Resources */,
				085C18612B704FE4006453ED /* CodeViewController.xib in Resources */,
				085C186E2B709E7B006453ED /* TextFieldDigitTableViewCell.xib in Resources */,
				87E384BF2B5DED480096E037 /* LaunchScreen.storyboard in Resources */,
				87E384C02B5DED480096E037 /* Assets.xcassets in Resources */,
				75688E0D2B6F0AF9002ABACD /* RegisterPhoneViewController.xib in Resources */,
				87E384F22B5DFE1B0096E037 /* Colors.xcassets in Resources */,
				87D65D7A2B672C560056FA28 /* HomeScreenViewController.xib in Resources */,
				87E384C12B5DED480096E037 /* Main.storyboard in Resources */,
				085C18742B70A1D2006453ED /* DemoTextFieldsTableViewController.xib in Resources */,
				87D65D972B67364F0056FA28 /* BoldDescriptionLabelTableViewCell.xib in Resources */,
				EEED8F232B798E1800490AB7 /* AditionalInformation.storyboard in Resources */,
			);
			runOnlyForDeploymentPostprocessing = 0;
		};
/* End PBXResourcesBuildPhase section */

/* Begin PBXSourcesBuildPhase section */
		8783A1B42B54AC330056AB6A /* Sources */ = {
			isa = PBXSourcesBuildPhase;
			buildActionMask = 2147483647;
			files = (
				87E384CC2B5DEE410096E037 /* DemoUITableViewController.swift in Sources */,
				87D65D822B67357E0056FA28 /* LabelsDemoTableViewController.swift in Sources */,
				8783A1C02B54AC330056AB6A /* ViewController.swift in Sources */,
				87D65D7D2B6733A80056FA28 /* CustomLabel.swift in Sources */,
				EEED8F252B798E3C00490AB7 /* AditionalInformationViewController.swift in Sources */,
				8783A1C62B54AC330056AB6A /* FlorezApp.xcdatamodeld in Sources */,
				87D65D882B6735BD0056FA28 /* TitleLabelTableViewCell.swift in Sources */,
				87E384EA2B5DFDEB0096E037 /* DemoButtonsTableViewController.swift in Sources */,
				87D65D772B672C560056FA28 /* HomeScreenViewController.swift in Sources */,
				085C18642B7056D6006453ED /* CustomTextField.swift in Sources */,
				87D65D6F2B67292C0056FA28 /* SecondaryButtonTableViewCell.swift in Sources */,
				87E384D72B5DFA9F0096E037 /* CustomButton.swift in Sources */,
				87D65D8E2B6736050056FA28 /* BodyLabelTableViewCell.swift in Sources */,
				EE941F342B81C89700405F03 /* EmailInput.swift in Sources */,
				75688E0A2B6F0AF9002ABACD /* RegisterPhoneViewController.swift in Sources */,
				870F306E2B799F1200B98BA5 /* AdditionalInfoSignInViewController.swift in Sources */,
				EE941F302B81B92900405F03 /* NamedSignedInput.swift in Sources */,
				EE3B417D2BA7B827000881C2 /* PaymentViewController.swift in Sources */,
				085C18712B70A16C006453ED /* DemoTextFieldsTableViewController.swift in Sources */,
				8783A1BC2B54AC330056AB6A /* AppDelegate.swift in Sources */,
				87E384E72B5DFD310096E037 /* ButtonTableViewCell.swift in Sources */,
				EE941F322B81C86F00405F03 /* PasswordInput.swift in Sources */,
				085C185E2B704FE4006453ED /* CodeViewController.swift in Sources */,
				8783A1BE2B54AC330056AB6A /* SceneDelegate.swift in Sources */,
				87D65D942B67364F0056FA28 /* BoldDescriptionLabelTableViewCell.swift in Sources */,
			);
			runOnlyForDeploymentPostprocessing = 0;
		};
		87E384B82B5DED480096E037 /* Sources */ = {
			isa = PBXSourcesBuildPhase;
			buildActionMask = 2147483647;
			files = (
				87E384CF2B5DF0530096E037 /* DemoUITableViewController.swift in Sources */,
				085C18732B70A1CF006453ED /* DemoTextFieldsTableViewController.swift in Sources */,
				085C186D2B709E7B006453ED /* TextFieldDigitTableViewCell.swift in Sources */,
				87D65D832B67357E0056FA28 /* LabelsDemoTableViewController.swift in Sources */,
				87E384B92B5DED480096E037 /* ViewController.swift in Sources */,
				87D65D7E2B6733A80056FA28 /* CustomLabel.swift in Sources */,
				EEED8F262B798E3C00490AB7 /* AditionalInformationViewController.swift in Sources */,
				87E384F12B5DFE140096E037 /* CustomButton.swift in Sources */,
				87D65D892B6735BD0056FA28 /* TitleLabelTableViewCell.swift in Sources */,
				87E384BA2B5DED480096E037 /* FlorezApp.xcdatamodeld in Sources */,
				87E384BB2B5DED480096E037 /* AppDelegate.swift in Sources */,
				085C18652B7056D6006453ED /* CustomTextField.swift in Sources */,
				87D65D782B672C560056FA28 /* HomeScreenViewController.swift in Sources */,
				87D65D702B67292C0056FA28 /* SecondaryButtonTableViewCell.swift in Sources */,
				87D65D8F2B6736050056FA28 /* BodyLabelTableViewCell.swift in Sources */,
				75688E0B2B6F0AF9002ABACD /* RegisterPhoneViewController.swift in Sources */,
				870F306F2B799F1200B98BA5 /* AdditionalInfoSignInViewController.swift in Sources */,
				87E384E92B5DFDE40096E037 /* DemoButtonsTableViewController.swift in Sources */,
				EE941F352B81C89700405F03 /* EmailInput.swift in Sources */,
				EE3B417E2BA7B827000881C2 /* PaymentViewController.swift in Sources */,
				87E384EB2B5DFDED0096E037 /* ButtonTableViewCell.swift in Sources */,
				085C185F2B704FE4006453ED /* CodeViewController.swift in Sources */,
				87E384BC2B5DED480096E037 /* SceneDelegate.swift in Sources */,
				87D65D952B67364F0056FA28 /* BoldDescriptionLabelTableViewCell.swift in Sources */,
			);
			runOnlyForDeploymentPostprocessing = 0;
		};
/* End PBXSourcesBuildPhase section */

/* Begin PBXVariantGroup section */
		8783A1C12B54AC330056AB6A /* Main.storyboard */ = {
			isa = PBXVariantGroup;
			children = (
				8783A1C22B54AC330056AB6A /* Base */,
			);
			name = Main.storyboard;
			sourceTree = "<group>";
		};
		8783A1C92B54AC340056AB6A /* LaunchScreen.storyboard */ = {
			isa = PBXVariantGroup;
			children = (
				8783A1CA2B54AC340056AB6A /* Base */,
			);
			name = LaunchScreen.storyboard;
			sourceTree = "<group>";
		};
/* End PBXVariantGroup section */

/* Begin XCBuildConfiguration section */
		8783A1CD2B54AC340056AB6A /* Debug */ = {
			isa = XCBuildConfiguration;
			buildSettings = {
				ALWAYS_SEARCH_USER_PATHS = NO;
				ASSETCATALOG_COMPILER_GENERATE_SWIFT_ASSET_SYMBOL_EXTENSIONS = YES;
				CLANG_ANALYZER_NONNULL = YES;
				CLANG_ANALYZER_NUMBER_OBJECT_CONVERSION = YES_AGGRESSIVE;
				CLANG_CXX_LANGUAGE_STANDARD = "gnu++20";
				CLANG_ENABLE_MODULES = YES;
				CLANG_ENABLE_OBJC_ARC = YES;
				CLANG_ENABLE_OBJC_WEAK = YES;
				CLANG_WARN_BLOCK_CAPTURE_AUTORELEASING = YES;
				CLANG_WARN_BOOL_CONVERSION = YES;
				CLANG_WARN_COMMA = YES;
				CLANG_WARN_CONSTANT_CONVERSION = YES;
				CLANG_WARN_DEPRECATED_OBJC_IMPLEMENTATIONS = YES;
				CLANG_WARN_DIRECT_OBJC_ISA_USAGE = YES_ERROR;
				CLANG_WARN_DOCUMENTATION_COMMENTS = YES;
				CLANG_WARN_EMPTY_BODY = YES;
				CLANG_WARN_ENUM_CONVERSION = YES;
				CLANG_WARN_INFINITE_RECURSION = YES;
				CLANG_WARN_INT_CONVERSION = YES;
				CLANG_WARN_NON_LITERAL_NULL_CONVERSION = YES;
				CLANG_WARN_OBJC_IMPLICIT_RETAIN_SELF = YES;
				CLANG_WARN_OBJC_LITERAL_CONVERSION = YES;
				CLANG_WARN_OBJC_ROOT_CLASS = YES_ERROR;
				CLANG_WARN_QUOTED_INCLUDE_IN_FRAMEWORK_HEADER = YES;
				CLANG_WARN_RANGE_LOOP_ANALYSIS = YES;
				CLANG_WARN_STRICT_PROTOTYPES = YES;
				CLANG_WARN_SUSPICIOUS_MOVE = YES;
				CLANG_WARN_UNGUARDED_AVAILABILITY = YES_AGGRESSIVE;
				CLANG_WARN_UNREACHABLE_CODE = YES;
				CLANG_WARN__DUPLICATE_METHOD_MATCH = YES;
				COPY_PHASE_STRIP = NO;
				DEBUG_INFORMATION_FORMAT = dwarf;
				ENABLE_STRICT_OBJC_MSGSEND = YES;
				ENABLE_TESTABILITY = YES;
				ENABLE_USER_SCRIPT_SANDBOXING = YES;
				GCC_C_LANGUAGE_STANDARD = gnu17;
				GCC_DYNAMIC_NO_PIC = NO;
				GCC_NO_COMMON_BLOCKS = YES;
				GCC_OPTIMIZATION_LEVEL = 0;
				GCC_PREPROCESSOR_DEFINITIONS = (
					"DEBUG=1",
					"$(inherited)",
				);
				GCC_WARN_64_TO_32_BIT_CONVERSION = YES;
				GCC_WARN_ABOUT_RETURN_TYPE = YES_ERROR;
				GCC_WARN_UNDECLARED_SELECTOR = YES;
				GCC_WARN_UNINITIALIZED_AUTOS = YES_AGGRESSIVE;
				GCC_WARN_UNUSED_FUNCTION = YES;
				GCC_WARN_UNUSED_VARIABLE = YES;
				IPHONEOS_DEPLOYMENT_TARGET = 17.2;
				LOCALIZATION_PREFERS_STRING_CATALOGS = YES;
				MTL_ENABLE_DEBUG_INFO = INCLUDE_SOURCE;
				MTL_FAST_MATH = YES;
				ONLY_ACTIVE_ARCH = YES;
				SDKROOT = iphoneos;
				SWIFT_ACTIVE_COMPILATION_CONDITIONS = "DEBUG $(inherited)";
				SWIFT_OPTIMIZATION_LEVEL = "-Onone";
			};
			name = Debug;
		};
		8783A1CE2B54AC340056AB6A /* Release */ = {
			isa = XCBuildConfiguration;
			buildSettings = {
				ALWAYS_SEARCH_USER_PATHS = NO;
				ASSETCATALOG_COMPILER_GENERATE_SWIFT_ASSET_SYMBOL_EXTENSIONS = YES;
				CLANG_ANALYZER_NONNULL = YES;
				CLANG_ANALYZER_NUMBER_OBJECT_CONVERSION = YES_AGGRESSIVE;
				CLANG_CXX_LANGUAGE_STANDARD = "gnu++20";
				CLANG_ENABLE_MODULES = YES;
				CLANG_ENABLE_OBJC_ARC = YES;
				CLANG_ENABLE_OBJC_WEAK = YES;
				CLANG_WARN_BLOCK_CAPTURE_AUTORELEASING = YES;
				CLANG_WARN_BOOL_CONVERSION = YES;
				CLANG_WARN_COMMA = YES;
				CLANG_WARN_CONSTANT_CONVERSION = YES;
				CLANG_WARN_DEPRECATED_OBJC_IMPLEMENTATIONS = YES;
				CLANG_WARN_DIRECT_OBJC_ISA_USAGE = YES_ERROR;
				CLANG_WARN_DOCUMENTATION_COMMENTS = YES;
				CLANG_WARN_EMPTY_BODY = YES;
				CLANG_WARN_ENUM_CONVERSION = YES;
				CLANG_WARN_INFINITE_RECURSION = YES;
				CLANG_WARN_INT_CONVERSION = YES;
				CLANG_WARN_NON_LITERAL_NULL_CONVERSION = YES;
				CLANG_WARN_OBJC_IMPLICIT_RETAIN_SELF = YES;
				CLANG_WARN_OBJC_LITERAL_CONVERSION = YES;
				CLANG_WARN_OBJC_ROOT_CLASS = YES_ERROR;
				CLANG_WARN_QUOTED_INCLUDE_IN_FRAMEWORK_HEADER = YES;
				CLANG_WARN_RANGE_LOOP_ANALYSIS = YES;
				CLANG_WARN_STRICT_PROTOTYPES = YES;
				CLANG_WARN_SUSPICIOUS_MOVE = YES;
				CLANG_WARN_UNGUARDED_AVAILABILITY = YES_AGGRESSIVE;
				CLANG_WARN_UNREACHABLE_CODE = YES;
				CLANG_WARN__DUPLICATE_METHOD_MATCH = YES;
				COPY_PHASE_STRIP = NO;
				DEBUG_INFORMATION_FORMAT = "dwarf-with-dsym";
				ENABLE_NS_ASSERTIONS = NO;
				ENABLE_STRICT_OBJC_MSGSEND = YES;
				ENABLE_USER_SCRIPT_SANDBOXING = YES;
				GCC_C_LANGUAGE_STANDARD = gnu17;
				GCC_NO_COMMON_BLOCKS = YES;
				GCC_WARN_64_TO_32_BIT_CONVERSION = YES;
				GCC_WARN_ABOUT_RETURN_TYPE = YES_ERROR;
				GCC_WARN_UNDECLARED_SELECTOR = YES;
				GCC_WARN_UNINITIALIZED_AUTOS = YES_AGGRESSIVE;
				GCC_WARN_UNUSED_FUNCTION = YES;
				GCC_WARN_UNUSED_VARIABLE = YES;
				IPHONEOS_DEPLOYMENT_TARGET = 17.2;
				LOCALIZATION_PREFERS_STRING_CATALOGS = YES;
				MTL_ENABLE_DEBUG_INFO = NO;
				MTL_FAST_MATH = YES;
				SDKROOT = iphoneos;
				SWIFT_COMPILATION_MODE = wholemodule;
				VALIDATE_PRODUCT = YES;
			};
			name = Release;
		};
		8783A1D02B54AC340056AB6A /* Debug */ = {
			isa = XCBuildConfiguration;
			buildSettings = {
				ASSETCATALOG_COMPILER_APPICON_NAME = AppIcon;
				ASSETCATALOG_COMPILER_GLOBAL_ACCENT_COLOR_NAME = AccentColor;
				CODE_SIGN_STYLE = Automatic;
				CURRENT_PROJECT_VERSION = 1;
				DEVELOPMENT_TEAM = Q5893ZTFCF;
				GENERATE_INFOPLIST_FILE = YES;
				INFOPLIST_FILE = FlorezApp/Sources/Info.plist;
				INFOPLIST_KEY_UIApplicationSupportsIndirectInputEvents = YES;
				INFOPLIST_KEY_UILaunchStoryboardName = LaunchScreen;
				INFOPLIST_KEY_UIMainStoryboardFile = "";
				INFOPLIST_KEY_UISupportedInterfaceOrientations_iPad = "UIInterfaceOrientationPortrait UIInterfaceOrientationPortraitUpsideDown UIInterfaceOrientationLandscapeLeft UIInterfaceOrientationLandscapeRight";
				INFOPLIST_KEY_UISupportedInterfaceOrientations_iPhone = "UIInterfaceOrientationPortrait UIInterfaceOrientationLandscapeLeft UIInterfaceOrientationLandscapeRight";
				IPHONEOS_DEPLOYMENT_TARGET = 17.0;
				LD_RUNPATH_SEARCH_PATHS = (
					"$(inherited)",
					"@executable_path/Frameworks",
				);
				MARKETING_VERSION = 1.0;
				OTHER_SWIFT_FLAGS = "-DFLOREZ";
				PRODUCT_BUNDLE_IDENTIFIER = com.BodgarDev.FlorezApp;
				PRODUCT_NAME = "$(TARGET_NAME)";
				SWIFT_EMIT_LOC_STRINGS = YES;
				SWIFT_VERSION = 5.0;
				TARGETED_DEVICE_FAMILY = "1,2";
			};
			name = Debug;
		};
		8783A1D12B54AC340056AB6A /* Release */ = {
			isa = XCBuildConfiguration;
			buildSettings = {
				ASSETCATALOG_COMPILER_APPICON_NAME = AppIcon;
				ASSETCATALOG_COMPILER_GLOBAL_ACCENT_COLOR_NAME = AccentColor;
				CODE_SIGN_STYLE = Automatic;
				CURRENT_PROJECT_VERSION = 1;
				DEVELOPMENT_TEAM = Q5893ZTFCF;
				GENERATE_INFOPLIST_FILE = YES;
				INFOPLIST_FILE = FlorezApp/Sources/Info.plist;
				INFOPLIST_KEY_UIApplicationSupportsIndirectInputEvents = YES;
				INFOPLIST_KEY_UILaunchStoryboardName = LaunchScreen;
				INFOPLIST_KEY_UIMainStoryboardFile = "";
				INFOPLIST_KEY_UISupportedInterfaceOrientations_iPad = "UIInterfaceOrientationPortrait UIInterfaceOrientationPortraitUpsideDown UIInterfaceOrientationLandscapeLeft UIInterfaceOrientationLandscapeRight";
				INFOPLIST_KEY_UISupportedInterfaceOrientations_iPhone = "UIInterfaceOrientationPortrait UIInterfaceOrientationLandscapeLeft UIInterfaceOrientationLandscapeRight";
				IPHONEOS_DEPLOYMENT_TARGET = 17.0;
				LD_RUNPATH_SEARCH_PATHS = (
					"$(inherited)",
					"@executable_path/Frameworks",
				);
				MARKETING_VERSION = 1.0;
				OTHER_SWIFT_FLAGS = "-DFLOREZ";
				PRODUCT_BUNDLE_IDENTIFIER = com.BodgarDev.FlorezApp;
				PRODUCT_NAME = "$(TARGET_NAME)";
				SWIFT_EMIT_LOC_STRINGS = YES;
				SWIFT_VERSION = 5.0;
				TARGETED_DEVICE_FAMILY = "1,2";
			};
			name = Release;
		};
		87E384C32B5DED480096E037 /* Debug */ = {
			isa = XCBuildConfiguration;
			buildSettings = {
				ASSETCATALOG_COMPILER_APPICON_NAME = AppIcon;
				ASSETCATALOG_COMPILER_GLOBAL_ACCENT_COLOR_NAME = AccentColor;
				CODE_SIGN_STYLE = Automatic;
				CURRENT_PROJECT_VERSION = 1;
				DEVELOPMENT_TEAM = Q5893ZTFCF;
				GENERATE_INFOPLIST_FILE = YES;
				INFOPLIST_FILE = FlorezApp/Sources/Info.plist;
				INFOPLIST_KEY_UIApplicationSupportsIndirectInputEvents = YES;
				INFOPLIST_KEY_UILaunchStoryboardName = LaunchScreen;
				INFOPLIST_KEY_UIMainStoryboardFile = "";
				INFOPLIST_KEY_UISupportedInterfaceOrientations_iPad = "UIInterfaceOrientationPortrait UIInterfaceOrientationPortraitUpsideDown UIInterfaceOrientationLandscapeLeft UIInterfaceOrientationLandscapeRight";
				INFOPLIST_KEY_UISupportedInterfaceOrientations_iPhone = "UIInterfaceOrientationPortrait UIInterfaceOrientationLandscapeLeft UIInterfaceOrientationLandscapeRight";
				IPHONEOS_DEPLOYMENT_TARGET = 17.0;
				LD_RUNPATH_SEARCH_PATHS = (
					"$(inherited)",
					"@executable_path/Frameworks",
				);
				MARKETING_VERSION = 1.0;
				OTHER_SWIFT_FLAGS = "-DDEMOUI";
				PRODUCT_BUNDLE_IDENTIFIER = com.BodgarDev.FlorezApp;
				PRODUCT_NAME = "$(TARGET_NAME)";
				SWIFT_EMIT_LOC_STRINGS = YES;
				SWIFT_VERSION = 5.0;
				TARGETED_DEVICE_FAMILY = "1,2";
			};
			name = Debug;
		};
		87E384C42B5DED480096E037 /* Release */ = {
			isa = XCBuildConfiguration;
			buildSettings = {
				ASSETCATALOG_COMPILER_APPICON_NAME = AppIcon;
				ASSETCATALOG_COMPILER_GLOBAL_ACCENT_COLOR_NAME = AccentColor;
				CODE_SIGN_STYLE = Automatic;
				CURRENT_PROJECT_VERSION = 1;
				DEVELOPMENT_TEAM = Q5893ZTFCF;
				GENERATE_INFOPLIST_FILE = YES;
				INFOPLIST_FILE = FlorezApp/Sources/Info.plist;
				INFOPLIST_KEY_UIApplicationSupportsIndirectInputEvents = YES;
				INFOPLIST_KEY_UILaunchStoryboardName = LaunchScreen;
				INFOPLIST_KEY_UIMainStoryboardFile = "";
				INFOPLIST_KEY_UISupportedInterfaceOrientations_iPad = "UIInterfaceOrientationPortrait UIInterfaceOrientationPortraitUpsideDown UIInterfaceOrientationLandscapeLeft UIInterfaceOrientationLandscapeRight";
				INFOPLIST_KEY_UISupportedInterfaceOrientations_iPhone = "UIInterfaceOrientationPortrait UIInterfaceOrientationLandscapeLeft UIInterfaceOrientationLandscapeRight";
				IPHONEOS_DEPLOYMENT_TARGET = 17.0;
				LD_RUNPATH_SEARCH_PATHS = (
					"$(inherited)",
					"@executable_path/Frameworks",
				);
				MARKETING_VERSION = 1.0;
				OTHER_SWIFT_FLAGS = "-DDEMOUI";
				PRODUCT_BUNDLE_IDENTIFIER = com.BodgarDev.FlorezApp;
				PRODUCT_NAME = "$(TARGET_NAME)";
				SWIFT_EMIT_LOC_STRINGS = YES;
				SWIFT_VERSION = 5.0;
				TARGETED_DEVICE_FAMILY = "1,2";
			};
			name = Release;
		};
/* End XCBuildConfiguration section */

/* Begin XCConfigurationList section */
		8783A1B32B54AC330056AB6A /* Build configuration list for PBXProject "FlorezApp" */ = {
			isa = XCConfigurationList;
			buildConfigurations = (
				8783A1CD2B54AC340056AB6A /* Debug */,
				8783A1CE2B54AC340056AB6A /* Release */,
			);
			defaultConfigurationIsVisible = 0;
			defaultConfigurationName = Release;
		};
		8783A1CF2B54AC340056AB6A /* Build configuration list for PBXNativeTarget "FlorezApp" */ = {
			isa = XCConfigurationList;
			buildConfigurations = (
				8783A1D02B54AC340056AB6A /* Debug */,
				8783A1D12B54AC340056AB6A /* Release */,
			);
			defaultConfigurationIsVisible = 0;
			defaultConfigurationName = Release;
		};
		87E384C22B5DED480096E037 /* Build configuration list for PBXNativeTarget "Demo UI" */ = {
			isa = XCConfigurationList;
			buildConfigurations = (
				87E384C32B5DED480096E037 /* Debug */,
				87E384C42B5DED480096E037 /* Release */,
			);
			defaultConfigurationIsVisible = 0;
			defaultConfigurationName = Release;
		};
/* End XCConfigurationList section */

/* Begin XCVersionGroup section */
		8783A1C42B54AC330056AB6A /* FlorezApp.xcdatamodeld */ = {
			isa = XCVersionGroup;
			children = (
				8783A1C52B54AC330056AB6A /* FlorezApp.xcdatamodel */,
			);
			currentVersion = 8783A1C52B54AC330056AB6A /* FlorezApp.xcdatamodel */;
			path = FlorezApp.xcdatamodeld;
			sourceTree = "<group>";
			versionGroupType = wrapper.xcdatamodel;
		};
/* End XCVersionGroup section */
	};
	rootObject = 8783A1B02B54AC330056AB6A /* Project object */;
}
